
Microsoft Visual Studio Solution File, Format Version 12.00
# Visual Studio 15
VisualStudioVersion = 15.0.28307.329
MinimumVisualStudioVersion = 10.0.40219.1
Project("{FAE04EC0-301F-11D3-BF4B-00C04F79EFBC}") = "Week3.Android", "Week3\Week3.Android\Week3.Android.csproj", "{CE4CFF33-2329-45DF-A61E-59AD35E60D07}"
EndProject
Project("{FAE04EC0-301F-11D3-BF4B-00C04F79EFBC}") = "Week3.iOS", "Week3\Week3.iOS\Week3.iOS.csproj", "{55BA617A-B4A9-4739-BCA4-930270168360}"
EndProject
Project("{FAE04EC0-301F-11D3-BF4B-00C04F79EFBC}") = "Week3", "Week3\Week3\Week3.csproj", "{70F7471D-E037-432B-BF1E-EA0DE6EFD40D}"
EndProject
Global
	GlobalSection(SolutionConfigurationPlatforms) = preSolution
		Ad-Hoc|Any CPU = Ad-Hoc|Any CPU
		Ad-Hoc|iPhone = Ad-Hoc|iPhone
		Ad-Hoc|iPhoneSimulator = Ad-Hoc|iPhoneSimulator
		AppStore|Any CPU = AppStore|Any CPU
		AppStore|iPhone = AppStore|iPhone
		AppStore|iPhoneSimulator = AppStore|iPhoneSimulator
		Debug|Any CPU = Debug|Any CPU
		Debug|iPhone = Debug|iPhone
		Debug|iPhoneSimulator = Debug|iPhoneSimulator
		Release|Any CPU = Release|Any CPU
		Release|iPhone = Release|iPhone
		Release|iPhoneSimulator = Release|iPhoneSimulator
	EndGlobalSection
	GlobalSection(ProjectConfigurationPlatforms) = postSolution
		{CE4CFF33-2329-45DF-A61E-59AD35E60D07}.Ad-Hoc|Any CPU.ActiveCfg = Release|Any CPU
		{CE4CFF33-2329-45DF-A61E-59AD35E60D07}.Ad-Hoc|Any CPU.Build.0 = Release|Any CPU
		{CE4CFF33-2329-45DF-A61E-59AD35E60D07}.Ad-Hoc|Any CPU.Deploy.0 = Release|Any CPU
		{CE4CFF33-2329-45DF-A61E-59AD35E60D07}.Ad-Hoc|iPhone.ActiveCfg = Release|Any CPU
		{CE4CFF33-2329-45DF-A61E-59AD35E60D07}.Ad-Hoc|iPhone.Build.0 = Release|Any CPU
		{CE4CFF33-2329-45DF-A61E-59AD35E60D07}.Ad-Hoc|iPhone.Deploy.0 = Release|Any CPU
		{CE4CFF33-2329-45DF-A61E-59AD35E60D07}.Ad-Hoc|iPhoneSimulator.ActiveCfg = Release|Any CPU
		{CE4CFF33-2329-45DF-A61E-59AD35E60D07}.Ad-Hoc|iPhoneSimulator.Build.0 = Release|Any CPU
		{CE4CFF33-2329-45DF-A61E-59AD35E60D07}.Ad-Hoc|iPhoneSimulator.Deploy.0 = Release|Any CPU
		{CE4CFF33-2329-45DF-A61E-59AD35E60D07}.AppStore|Any CPU.ActiveCfg = Release|Any CPU
		{CE4CFF33-2329-45DF-A61E-59AD35E60D07}.AppStore|Any CPU.Build.0 = Release|Any CPU
		{CE4CFF33-2329-45DF-A61E-59AD35E60D07}.AppStore|Any CPU.Deploy.0 = Release|Any CPU
		{CE4CFF33-2329-45DF-A61E-59AD35E60D07}.AppStore|iPhone.ActiveCfg = Release|Any CPU
		{CE4CFF33-2329-45DF-A61E-59AD35E60D07}.AppStore|iPhone.Build.0 = Release|Any CPU
		{CE4CFF33-2329-45DF-A61E-59AD35E60D07}.AppStore|iPhone.Deploy.0 = Release|Any CPU
		{CE4CFF33-2329-45DF-A61E-59AD35E60D07}.AppStore|iPhoneSimulator.ActiveCfg = Release|Any CPU
		{CE4CFF33-2329-45DF-A61E-59AD35E60D07}.AppStore|iPhoneSimulator.Build.0 = Release|Any CPU
		{CE4CFF33-2329-45DF-A61E-59AD35E60D07}.AppStore|iPhoneSimulator.Deploy.0 = Release|Any CPU
		{CE4CFF33-2329-45DF-A61E-59AD35E60D07}.Debug|Any CPU.ActiveCfg = Debug|Any CPU
		{CE4CFF33-2329-45DF-A61E-59AD35E60D07}.Debug|Any CPU.Build.0 = Debug|Any CPU
		{CE4CFF33-2329-45DF-A61E-59AD35E60D07}.Debug|Any CPU.Deploy.0 = Debug|Any CPU
		{CE4CFF33-2329-45DF-A61E-59AD35E60D07}.Debug|iPhone.ActiveCfg = Debug|Any CPU
		{CE4CFF33-2329-45DF-A61E-59AD35E60D07}.Debug|iPhone.Build.0 = Debug|Any CPU
		{CE4CFF33-2329-45DF-A61E-59AD35E60D07}.Debug|iPhone.Deploy.0 = Debug|Any CPU
		{CE4CFF33-2329-45DF-A61E-59AD35E60D07}.Debug|iPhoneSimulator.ActiveCfg = Debug|Any CPU
		{CE4CFF33-2329-45DF-A61E-59AD35E60D07}.Debug|iPhoneSimulator.Build.0 = Debug|Any CPU
		{CE4CFF33-2329-45DF-A61E-59AD35E60D07}.Debug|iPhoneSimulator.Deploy.0 = Debug|Any CPU
		{CE4CFF33-2329-45DF-A61E-59AD35E60D07}.Release|Any CPU.ActiveCfg = Release|Any CPU
		{CE4CFF33-2329-45DF-A61E-59AD35E60D07}.Release|Any CPU.Build.0 = Release|Any CPU
		{CE4CFF33-2329-45DF-A61E-59AD35E60D07}.Release|Any CPU.Deploy.0 = Release|Any CPU
		{CE4CFF33-2329-45DF-A61E-59AD35E60D07}.Release|iPhone.ActiveCfg = Release|Any CPU
		{CE4CFF33-2329-45DF-A61E-59AD35E60D07}.Release|iPhone.Build.0 = Release|Any CPU
		{CE4CFF33-2329-45DF-A61E-59AD35E60D07}.Release|iPhone.Deploy.0 = Release|Any CPU
		{CE4CFF33-2329-45DF-A61E-59AD35E60D07}.Release|iPhoneSimulator.ActiveCfg = Release|Any CPU
		{CE4CFF33-2329-45DF-A61E-59AD35E60D07}.Release|iPhoneSimulator.Build.0 = Release|Any CPU
		{CE4CFF33-2329-45DF-A61E-59AD35E60D07}.Release|iPhoneSimulator.Deploy.0 = Release|Any CPU
		{55BA617A-B4A9-4739-BCA4-930270168360}.Ad-Hoc|Any CPU.ActiveCfg = Ad-Hoc|iPhone
		{55BA617A-B4A9-4739-BCA4-930270168360}.Ad-Hoc|Any CPU.Build.0 = Ad-Hoc|iPhone
		{55BA617A-B4A9-4739-BCA4-930270168360}.Ad-Hoc|Any CPU.Deploy.0 = Ad-Hoc|iPhone
		{55BA617A-B4A9-4739-BCA4-930270168360}.Ad-Hoc|iPhone.ActiveCfg = Ad-Hoc|iPhone
		{55BA617A-B4A9-4739-BCA4-930270168360}.Ad-Hoc|iPhone.Build.0 = Ad-Hoc|iPhone
		{55BA617A-B4A9-4739-BCA4-930270168360}.Ad-Hoc|iPhone.Deploy.0 = Ad-Hoc|iPhone
		{55BA617A-B4A9-4739-BCA4-930270168360}.Ad-Hoc|iPhoneSimulator.ActiveCfg = Ad-Hoc|iPhoneSimulator
		{55BA617A-B4A9-4739-BCA4-930270168360}.Ad-Hoc|iPhoneSimulator.Build.0 = Ad-Hoc|iPhoneSimulator
		{55BA617A-B4A9-4739-BCA4-930270168360}.Ad-Hoc|iPhoneSimulator.Deploy.0 = Ad-Hoc|iPhoneSimulator
		{55BA617A-B4A9-4739-BCA4-930270168360}.AppStore|Any CPU.ActiveCfg = AppStore|iPhone
		{55BA617A-B4A9-4739-BCA4-930270168360}.AppStore|Any CPU.Build.0 = AppStore|iPhone
		{55BA617A-B4A9-4739-BCA4-930270168360}.AppStore|Any CPU.Deploy.0 = AppStore|iPhone
		{55BA617A-B4A9-4739-BCA4-930270168360}.AppStore|iPhone.ActiveCfg = AppStore|iPhone
		{55BA617A-B4A9-4739-BCA4-930270168360}.AppStore|iPhone.Build.0 = AppStore|iPhone
		{55BA617A-B4A9-4739-BCA4-930270168360}.AppStore|iPhone.Deploy.0 = AppStore|iPhone
		{55BA617A-B4A9-4739-BCA4-930270168360}.AppStore|iPhoneSimulator.ActiveCfg = AppStore|iPhoneSimulator
		{55BA617A-B4A9-4739-BCA4-930270168360}.AppStore|iPhoneSimulator.Build.0 = AppStore|iPhoneSimulator
		{55BA617A-B4A9-4739-BCA4-930270168360}.AppStore|iPhoneSimulator.Deploy.0 = AppStore|iPhoneSimulator
		{55BA617A-B4A9-4739-BCA4-930270168360}.Debug|Any CPU.ActiveCfg = Debug|iPhoneSimulator
		{55BA617A-B4A9-4739-BCA4-930270168360}.Debug|Any CPU.Build.0 = Debug|iPhoneSimulator
		{55BA617A-B4A9-4739-BCA4-930270168360}.Debug|Any CPU.Deploy.0 = Debug|iPhoneSimulator
		{55BA617A-B4A9-4739-BCA4-930270168360}.Debug|iPhone.ActiveCfg = Debug|iPhone
		{55BA617A-B4A9-4739-BCA4-930270168360}.Debug|iPhone.Build.0 = Debug|iPhone
		{55BA617A-B4A9-4739-BCA4-930270168360}.Debug|iPhone.Deploy.0 = Debug|iPhone
		{55BA617A-B4A9-4739-BCA4-930270168360}.Debug|iPhoneSimulator.ActiveCfg = Debug|iPhoneSimulator
		{55BA617A-B4A9-4739-BCA4-930270168360}.Debug|iPhoneSimulator.Build.0 = Debug|iPhoneSimulator
		{55BA617A-B4A9-4739-BCA4-930270168360}.Debug|iPhoneSimulator.Deploy.0 = Debug|iPhoneSimulator
		{55BA617A-B4A9-4739-BCA4-930270168360}.Release|Any CPU.ActiveCfg = Release|iPhone
		{55BA617A-B4A9-4739-BCA4-930270168360}.Release|Any CPU.Build.0 = Release|iPhone
		{55BA617A-B4A9-4739-BCA4-930270168360}.Release|Any CPU.Deploy.0 = Release|iPhone
		{55BA617A-B4A9-4739-BCA4-930270168360}.Release|iPhone.ActiveCfg = Release|iPhone
		{55BA617A-B4A9-4739-BCA4-930270168360}.Release|iPhone.Build.0 = Release|iPhone
		{55BA617A-B4A9-4739-BCA4-930270168360}.Release|iPhone.Deploy.0 = Release|iPhone
		{55BA617A-B4A9-4739-BCA4-930270168360}.Release|iPhoneSimulator.ActiveCfg = Release|iPhoneSimulator
		{55BA617A-B4A9-4739-BCA4-930270168360}.Release|iPhoneSimulator.Build.0 = Release|iPhoneSimulator
		{55BA617A-B4A9-4739-BCA4-930270168360}.Release|iPhoneSimulator.Deploy.0 = Release|iPhoneSimulator
		{70F7471D-E037-432B-BF1E-EA0DE6EFD40D}.Ad-Hoc|Any CPU.ActiveCfg = Debug|Any CPU
		{70F7471D-E037-432B-BF1E-EA0DE6EFD40D}.Ad-Hoc|Any CPU.Build.0 = Debug|Any CPU
		{70F7471D-E037-432B-BF1E-EA0DE6EFD40D}.Ad-Hoc|Any CPU.Deploy.0 = Debug|Any CPU
		{70F7471D-E037-432B-BF1E-EA0DE6EFD40D}.Ad-Hoc|iPhone.ActiveCfg = Debug|Any CPU
		{70F7471D-E037-432B-BF1E-EA0DE6EFD40D}.Ad-Hoc|iPhone.Build.0 = Debug|Any CPU
		{70F7471D-E037-432B-BF1E-EA0DE6EFD40D}.Ad-Hoc|iPhone.Deploy.0 = Debug|Any CPU
		{70F7471D-E037-432B-BF1E-EA0DE6EFD40D}.Ad-Hoc|iPhoneSimulator.ActiveCfg = Debug|Any CPU
		{70F7471D-E037-432B-BF1E-EA0DE6EFD40D}.Ad-Hoc|iPhoneSimulator.Build.0 = Debug|Any CPU
		{70F7471D-E037-432B-BF1E-EA0DE6EFD40D}.Ad-Hoc|iPhoneSimulator.Deploy.0 = Debug|Any CPU
		{70F7471D-E037-432B-BF1E-EA0DE6EFD40D}.AppStore|Any CPU.ActiveCfg = Debug|Any CPU
		{70F7471D-E037-432B-BF1E-EA0DE6EFD40D}.AppStore|Any CPU.Build.0 = Debug|Any CPU
		{70F7471D-E037-432B-BF1E-EA0DE6EFD40D}.AppStore|Any CPU.Deploy.0 = Debug|Any CPU
		{70F7471D-E037-432B-BF1E-EA0DE6EFD40D}.AppStore|iPhone.ActiveCfg = Debug|Any CPU
		{70F7471D-E037-432B-BF1E-EA0DE6EFD40D}.AppStore|iPhone.Build.0 = Debug|Any CPU
		{70F7471D-E037-432B-BF1E-EA0DE6EFD40D}.AppStore|iPhone.Deploy.0 = Debug|Any CPU
		{70F7471D-E037-432B-BF1E-EA0DE6EFD40D}.AppStore|iPhoneSimulator.ActiveCfg = Debug|Any CPU
		{70F7471D-E037-432B-BF1E-EA0DE6EFD40D}.AppStore|iPhoneSimulator.Build.0 = Debug|Any CPU
		{70F7471D-E037-432B-BF1E-EA0DE6EFD40D}.AppStore|iPhoneSimulator.Deploy.0 = Debug|Any CPU
		{70F7471D-E037-432B-BF1E-EA0DE6EFD40D}.Debug|Any CPU.ActiveCfg = Debug|Any CPU
		{70F7471D-E037-432B-BF1E-EA0DE6EFD40D}.Debug|Any CPU.Build.0 = Debug|Any CPU
		{70F7471D-E037-432B-BF1E-EA0DE6EFD40D}.Debug|Any CPU.Deploy.0 = Debug|Any CPU
		{70F7471D-E037-432B-BF1E-EA0DE6EFD40D}.Debug|iPhone.ActiveCfg = Debug|Any CPU
		{70F7471D-E037-432B-BF1E-EA0DE6EFD40D}.Debug|iPhone.Build.0 = Debug|Any CPU
		{70F7471D-E037-432B-BF1E-EA0DE6EFD40D}.Debug|iPhone.Deploy.0 = Debug|Any CPU
		{70F7471D-E037-432B-BF1E-EA0DE6EFD40D}.Debug|iPhoneSimulator.ActiveCfg = Debug|Any CPU
		{70F7471D-E037-432B-BF1E-EA0DE6EFD40D}.Debug|iPhoneSimulator.Build.0 = Debug|Any CPU
		{70F7471D-E037-432B-BF1E-EA0DE6EFD40D}.Debug|iPhoneSimulator.Deploy.0 = Debug|Any CPU
		{70F7471D-E037-432B-BF1E-EA0DE6EFD40D}.Release|Any CPU.ActiveCfg = Release|Any CPU
		{70F7471D-E037-432B-BF1E-EA0DE6EFD40D}.Release|Any CPU.Build.0 = Release|Any CPU
		{70F7471D-E037-432B-BF1E-EA0DE6EFD40D}.Release|Any CPU.Deploy.0 = Release|Any CPU
		{70F7471D-E037-432B-BF1E-EA0DE6EFD40D}.Release|iPhone.ActiveCfg = Release|Any CPU
		{70F7471D-E037-432B-BF1E-EA0DE6EFD40D}.Release|iPhone.Build.0 = Release|Any CPU
		{70F7471D-E037-432B-BF1E-EA0DE6EFD40D}.Release|iPhone.Deploy.0 = Release|Any CPU
		{70F7471D-E037-432B-BF1E-EA0DE6EFD40D}.Release|iPhoneSimulator.ActiveCfg = Release|Any CPU
		{70F7471D-E037-432B-BF1E-EA0DE6EFD40D}.Release|iPhoneSimulator.Build.0 = Release|Any CPU
		{70F7471D-E037-432B-BF1E-EA0DE6EFD40D}.Release|iPhoneSimulator.Deploy.0 = Release|Any CPU
	EndGlobalSection
	GlobalSection(SolutionProperties) = preSolution
		HideSolutionNode = FALSE
	EndGlobalSection
	GlobalSection(ExtensibilityGlobals) = postSolution
		SolutionGuid = {B2BD2614-1415-404B-BFF0-8A304D8E29AF}
	EndGlobalSection
EndGlobal
