
Microsoft Visual Studio Solution File, Format Version 12.00
# Visual Studio 15
VisualStudioVersion = 15.0.28307.329
MinimumVisualStudioVersion = 10.0.40219.1
Project("{FAE04EC0-301F-11D3-BF4B-00C04F79EFBC}") = "Week 4.Android", "Week 4\Week 4.Android\Week 4.Android.csproj", "{2D2F205A-03CC-4903-B84E-1F273B900CAD}"
EndProject
Project("{FAE04EC0-301F-11D3-BF4B-00C04F79EFBC}") = "Week 4.iOS", "Week 4\Week 4.iOS\Week 4.iOS.csproj", "{C3AD5927-6A42-4C73-8395-8CFA31EC476D}"
EndProject
Project("{FAE04EC0-301F-11D3-BF4B-00C04F79EFBC}") = "Week 4", "Week 4\Week 4\Week 4.csproj", "{1F2F7374-C4AA-4330-BD71-F7860C53ADD9}"
EndProject
Global
	GlobalSection(SolutionConfigurationPlatforms) = preSolution
		Ad-Hoc|Any CPU = Ad-Hoc|Any CPU
		Ad-Hoc|iPhone = Ad-Hoc|iPhone
		Ad-Hoc|iPhoneSimulator = Ad-Hoc|iPhoneSimulator
		AppStore|Any CPU = AppStore|Any CPU
		AppStore|iPhone = AppStore|iPhone
		AppStore|iPhoneSimulator = AppStore|iPhoneSimulator
		Debug|Any CPU = Debug|Any CPU
		Debug|iPhone = Debug|iPhone
		Debug|iPhoneSimulator = Debug|iPhoneSimulator
		Release|Any CPU = Release|Any CPU
		Release|iPhone = Release|iPhone
		Release|iPhoneSimulator = Release|iPhoneSimulator
	EndGlobalSection
	GlobalSection(ProjectConfigurationPlatforms) = postSolution
		{2D2F205A-03CC-4903-B84E-1F273B900CAD}.Ad-Hoc|Any CPU.ActiveCfg = Release|Any CPU
		{2D2F205A-03CC-4903-B84E-1F273B900CAD}.Ad-Hoc|Any CPU.Build.0 = Release|Any CPU
		{2D2F205A-03CC-4903-B84E-1F273B900CAD}.Ad-Hoc|Any CPU.Deploy.0 = Release|Any CPU
		{2D2F205A-03CC-4903-B84E-1F273B900CAD}.Ad-Hoc|iPhone.ActiveCfg = Release|Any CPU
		{2D2F205A-03CC-4903-B84E-1F273B900CAD}.Ad-Hoc|iPhone.Build.0 = Release|Any CPU
		{2D2F205A-03CC-4903-B84E-1F273B900CAD}.Ad-Hoc|iPhone.Deploy.0 = Release|Any CPU
		{2D2F205A-03CC-4903-B84E-1F273B900CAD}.Ad-Hoc|iPhoneSimulator.ActiveCfg = Release|Any CPU
		{2D2F205A-03CC-4903-B84E-1F273B900CAD}.Ad-Hoc|iPhoneSimulator.Build.0 = Release|Any CPU
		{2D2F205A-03CC-4903-B84E-1F273B900CAD}.Ad-Hoc|iPhoneSimulator.Deploy.0 = Release|Any CPU
		{2D2F205A-03CC-4903-B84E-1F273B900CAD}.AppStore|Any CPU.ActiveCfg = Release|Any CPU
		{2D2F205A-03CC-4903-B84E-1F273B900CAD}.AppStore|Any CPU.Build.0 = Release|Any CPU
		{2D2F205A-03CC-4903-B84E-1F273B900CAD}.AppStore|Any CPU.Deploy.0 = Release|Any CPU
		{2D2F205A-03CC-4903-B84E-1F273B900CAD}.AppStore|iPhone.ActiveCfg = Release|Any CPU
		{2D2F205A-03CC-4903-B84E-1F273B900CAD}.AppStore|iPhone.Build.0 = Release|Any CPU
		{2D2F205A-03CC-4903-B84E-1F273B900CAD}.AppStore|iPhone.Deploy.0 = Release|Any CPU
		{2D2F205A-03CC-4903-B84E-1F273B900CAD}.AppStore|iPhoneSimulator.ActiveCfg = Release|Any CPU
		{2D2F205A-03CC-4903-B84E-1F273B900CAD}.AppStore|iPhoneSimulator.Build.0 = Release|Any CPU
		{2D2F205A-03CC-4903-B84E-1F273B900CAD}.AppStore|iPhoneSimulator.Deploy.0 = Release|Any CPU
		{2D2F205A-03CC-4903-B84E-1F273B900CAD}.Debug|Any CPU.ActiveCfg = Debug|Any CPU
		{2D2F205A-03CC-4903-B84E-1F273B900CAD}.Debug|Any CPU.Build.0 = Debug|Any CPU
		{2D2F205A-03CC-4903-B84E-1F273B900CAD}.Debug|Any CPU.Deploy.0 = Debug|Any CPU
		{2D2F205A-03CC-4903-B84E-1F273B900CAD}.Debug|iPhone.ActiveCfg = Debug|Any CPU
		{2D2F205A-03CC-4903-B84E-1F273B900CAD}.Debug|iPhone.Build.0 = Debug|Any CPU
		{2D2F205A-03CC-4903-B84E-1F273B900CAD}.Debug|iPhone.Deploy.0 = Debug|Any CPU
		{2D2F205A-03CC-4903-B84E-1F273B900CAD}.Debug|iPhoneSimulator.ActiveCfg = Debug|Any CPU
		{2D2F205A-03CC-4903-B84E-1F273B900CAD}.Debug|iPhoneSimulator.Build.0 = Debug|Any CPU
		{2D2F205A-03CC-4903-B84E-1F273B900CAD}.Debug|iPhoneSimulator.Deploy.0 = Debug|Any CPU
		{2D2F205A-03CC-4903-B84E-1F273B900CAD}.Release|Any CPU.ActiveCfg = Release|Any CPU
		{2D2F205A-03CC-4903-B84E-1F273B900CAD}.Release|Any CPU.Build.0 = Release|Any CPU
		{2D2F205A-03CC-4903-B84E-1F273B900CAD}.Release|Any CPU.Deploy.0 = Release|Any CPU
		{2D2F205A-03CC-4903-B84E-1F273B900CAD}.Release|iPhone.ActiveCfg = Release|Any CPU
		{2D2F205A-03CC-4903-B84E-1F273B900CAD}.Release|iPhone.Build.0 = Release|Any CPU
		{2D2F205A-03CC-4903-B84E-1F273B900CAD}.Release|iPhone.Deploy.0 = Release|Any CPU
		{2D2F205A-03CC-4903-B84E-1F273B900CAD}.Release|iPhoneSimulator.ActiveCfg = Release|Any CPU
		{2D2F205A-03CC-4903-B84E-1F273B900CAD}.Release|iPhoneSimulator.Build.0 = Release|Any CPU
		{2D2F205A-03CC-4903-B84E-1F273B900CAD}.Release|iPhoneSimulator.Deploy.0 = Release|Any CPU
		{C3AD5927-6A42-4C73-8395-8CFA31EC476D}.Ad-Hoc|Any CPU.ActiveCfg = Ad-Hoc|iPhone
		{C3AD5927-6A42-4C73-8395-8CFA31EC476D}.Ad-Hoc|Any CPU.Build.0 = Ad-Hoc|iPhone
		{C3AD5927-6A42-4C73-8395-8CFA31EC476D}.Ad-Hoc|Any CPU.Deploy.0 = Ad-Hoc|iPhone
		{C3AD5927-6A42-4C73-8395-8CFA31EC476D}.Ad-Hoc|iPhone.ActiveCfg = Ad-Hoc|iPhone
		{C3AD5927-6A42-4C73-8395-8CFA31EC476D}.Ad-Hoc|iPhone.Build.0 = Ad-Hoc|iPhone
		{C3AD5927-6A42-4C73-8395-8CFA31EC476D}.Ad-Hoc|iPhone.Deploy.0 = Ad-Hoc|iPhone
		{C3AD5927-6A42-4C73-8395-8CFA31EC476D}.Ad-Hoc|iPhoneSimulator.ActiveCfg = Ad-Hoc|iPhoneSimulator
		{C3AD5927-6A42-4C73-8395-8CFA31EC476D}.Ad-Hoc|iPhoneSimulator.Build.0 = Ad-Hoc|iPhoneSimulator
		{C3AD5927-6A42-4C73-8395-8CFA31EC476D}.Ad-Hoc|iPhoneSimulator.Deploy.0 = Ad-Hoc|iPhoneSimulator
		{C3AD5927-6A42-4C73-8395-8CFA31EC476D}.AppStore|Any CPU.ActiveCfg = AppStore|iPhone
		{C3AD5927-6A42-4C73-8395-8CFA31EC476D}.AppStore|Any CPU.Build.0 = AppStore|iPhone
		{C3AD5927-6A42-4C73-8395-8CFA31EC476D}.AppStore|Any CPU.Deploy.0 = AppStore|iPhone
		{C3AD5927-6A42-4C73-8395-8CFA31EC476D}.AppStore|iPhone.ActiveCfg = AppStore|iPhone
		{C3AD5927-6A42-4C73-8395-8CFA31EC476D}.AppStore|iPhone.Build.0 = AppStore|iPhone
		{C3AD5927-6A42-4C73-8395-8CFA31EC476D}.AppStore|iPhone.Deploy.0 = AppStore|iPhone
		{C3AD5927-6A42-4C73-8395-8CFA31EC476D}.AppStore|iPhoneSimulator.ActiveCfg = AppStore|iPhoneSimulator
		{C3AD5927-6A42-4C73-8395-8CFA31EC476D}.AppStore|iPhoneSimulator.Build.0 = AppStore|iPhoneSimulator
		{C3AD5927-6A42-4C73-8395-8CFA31EC476D}.AppStore|iPhoneSimulator.Deploy.0 = AppStore|iPhoneSimulator
		{C3AD5927-6A42-4C73-8395-8CFA31EC476D}.Debug|Any CPU.ActiveCfg = Debug|iPhoneSimulator
		{C3AD5927-6A42-4C73-8395-8CFA31EC476D}.Debug|Any CPU.Build.0 = Debug|iPhoneSimulator
		{C3AD5927-6A42-4C73-8395-8CFA31EC476D}.Debug|Any CPU.Deploy.0 = Debug|iPhoneSimulator
		{C3AD5927-6A42-4C73-8395-8CFA31EC476D}.Debug|iPhone.ActiveCfg = Debug|iPhone
		{C3AD5927-6A42-4C73-8395-8CFA31EC476D}.Debug|iPhone.Build.0 = Debug|iPhone
		{C3AD5927-6A42-4C73-8395-8CFA31EC476D}.Debug|iPhone.Deploy.0 = Debug|iPhone
		{C3AD5927-6A42-4C73-8395-8CFA31EC476D}.Debug|iPhoneSimulator.ActiveCfg = Debug|iPhoneSimulator
		{C3AD5927-6A42-4C73-8395-8CFA31EC476D}.Debug|iPhoneSimulator.Build.0 = Debug|iPhoneSimulator
		{C3AD5927-6A42-4C73-8395-8CFA31EC476D}.Debug|iPhoneSimulator.Deploy.0 = Debug|iPhoneSimulator
		{C3AD5927-6A42-4C73-8395-8CFA31EC476D}.Release|Any CPU.ActiveCfg = Release|iPhone
		{C3AD5927-6A42-4C73-8395-8CFA31EC476D}.Release|Any CPU.Build.0 = Release|iPhone
		{C3AD5927-6A42-4C73-8395-8CFA31EC476D}.Release|Any CPU.Deploy.0 = Release|iPhone
		{C3AD5927-6A42-4C73-8395-8CFA31EC476D}.Release|iPhone.ActiveCfg = Release|iPhone
		{C3AD5927-6A42-4C73-8395-8CFA31EC476D}.Release|iPhone.Build.0 = Release|iPhone
		{C3AD5927-6A42-4C73-8395-8CFA31EC476D}.Release|iPhone.Deploy.0 = Release|iPhone
		{C3AD5927-6A42-4C73-8395-8CFA31EC476D}.Release|iPhoneSimulator.ActiveCfg = Release|iPhoneSimulator
		{C3AD5927-6A42-4C73-8395-8CFA31EC476D}.Release|iPhoneSimulator.Build.0 = Release|iPhoneSimulator
		{C3AD5927-6A42-4C73-8395-8CFA31EC476D}.Release|iPhoneSimulator.Deploy.0 = Release|iPhoneSimulator
		{1F2F7374-C4AA-4330-BD71-F7860C53ADD9}.Ad-Hoc|Any CPU.ActiveCfg = Debug|Any CPU
		{1F2F7374-C4AA-4330-BD71-F7860C53ADD9}.Ad-Hoc|Any CPU.Build.0 = Debug|Any CPU
		{1F2F7374-C4AA-4330-BD71-F7860C53ADD9}.Ad-Hoc|Any CPU.Deploy.0 = Debug|Any CPU
		{1F2F7374-C4AA-4330-BD71-F7860C53ADD9}.Ad-Hoc|iPhone.ActiveCfg = Debug|Any CPU
		{1F2F7374-C4AA-4330-BD71-F7860C53ADD9}.Ad-Hoc|iPhone.Build.0 = Debug|Any CPU
		{1F2F7374-C4AA-4330-BD71-F7860C53ADD9}.Ad-Hoc|iPhone.Deploy.0 = Debug|Any CPU
		{1F2F7374-C4AA-4330-BD71-F7860C53ADD9}.Ad-Hoc|iPhoneSimulator.ActiveCfg = Debug|Any CPU
		{1F2F7374-C4AA-4330-BD71-F7860C53ADD9}.Ad-Hoc|iPhoneSimulator.Build.0 = Debug|Any CPU
		{1F2F7374-C4AA-4330-BD71-F7860C53ADD9}.Ad-Hoc|iPhoneSimulator.Deploy.0 = Debug|Any CPU
		{1F2F7374-C4AA-4330-BD71-F7860C53ADD9}.AppStore|Any CPU.ActiveCfg = Debug|Any CPU
		{1F2F7374-C4AA-4330-BD71-F7860C53ADD9}.AppStore|Any CPU.Build.0 = Debug|Any CPU
		{1F2F7374-C4AA-4330-BD71-F7860C53ADD9}.AppStore|Any CPU.Deploy.0 = Debug|Any CPU
		{1F2F7374-C4AA-4330-BD71-F7860C53ADD9}.AppStore|iPhone.ActiveCfg = Debug|Any CPU
		{1F2F7374-C4AA-4330-BD71-F7860C53ADD9}.AppStore|iPhone.Build.0 = Debug|Any CPU
		{1F2F7374-C4AA-4330-BD71-F7860C53ADD9}.AppStore|iPhone.Deploy.0 = Debug|Any CPU
		{1F2F7374-C4AA-4330-BD71-F7860C53ADD9}.AppStore|iPhoneSimulator.ActiveCfg = Debug|Any CPU
		{1F2F7374-C4AA-4330-BD71-F7860C53ADD9}.AppStore|iPhoneSimulator.Build.0 = Debug|Any CPU
		{1F2F7374-C4AA-4330-BD71-F7860C53ADD9}.AppStore|iPhoneSimulator.Deploy.0 = Debug|Any CPU
		{1F2F7374-C4AA-4330-BD71-F7860C53ADD9}.Debug|Any CPU.ActiveCfg = Debug|Any CPU
		{1F2F7374-C4AA-4330-BD71-F7860C53ADD9}.Debug|Any CPU.Build.0 = Debug|Any CPU
		{1F2F7374-C4AA-4330-BD71-F7860C53ADD9}.Debug|Any CPU.Deploy.0 = Debug|Any CPU
		{1F2F7374-C4AA-4330-BD71-F7860C53ADD9}.Debug|iPhone.ActiveCfg = Debug|Any CPU
		{1F2F7374-C4AA-4330-BD71-F7860C53ADD9}.Debug|iPhone.Build.0 = Debug|Any CPU
		{1F2F7374-C4AA-4330-BD71-F7860C53ADD9}.Debug|iPhone.Deploy.0 = Debug|Any CPU
		{1F2F7374-C4AA-4330-BD71-F7860C53ADD9}.Debug|iPhoneSimulator.ActiveCfg = Debug|Any CPU
		{1F2F7374-C4AA-4330-BD71-F7860C53ADD9}.Debug|iPhoneSimulator.Build.0 = Debug|Any CPU
		{1F2F7374-C4AA-4330-BD71-F7860C53ADD9}.Debug|iPhoneSimulator.Deploy.0 = Debug|Any CPU
		{1F2F7374-C4AA-4330-BD71-F7860C53ADD9}.Release|Any CPU.ActiveCfg = Release|Any CPU
		{1F2F7374-C4AA-4330-BD71-F7860C53ADD9}.Release|Any CPU.Build.0 = Release|Any CPU
		{1F2F7374-C4AA-4330-BD71-F7860C53ADD9}.Release|Any CPU.Deploy.0 = Release|Any CPU
		{1F2F7374-C4AA-4330-BD71-F7860C53ADD9}.Release|iPhone.ActiveCfg = Release|Any CPU
		{1F2F7374-C4AA-4330-BD71-F7860C53ADD9}.Release|iPhone.Build.0 = Release|Any CPU
		{1F2F7374-C4AA-4330-BD71-F7860C53ADD9}.Release|iPhone.Deploy.0 = Release|Any CPU
		{1F2F7374-C4AA-4330-BD71-F7860C53ADD9}.Release|iPhoneSimulator.ActiveCfg = Release|Any CPU
		{1F2F7374-C4AA-4330-BD71-F7860C53ADD9}.Release|iPhoneSimulator.Build.0 = Release|Any CPU
		{1F2F7374-C4AA-4330-BD71-F7860C53ADD9}.Release|iPhoneSimulator.Deploy.0 = Release|Any CPU
	EndGlobalSection
	GlobalSection(SolutionProperties) = preSolution
		HideSolutionNode = FALSE
	EndGlobalSection
	GlobalSection(ExtensibilityGlobals) = postSolution
		SolutionGuid = {B45CEB5F-6DBD-4AF9-820D-8D7EA60E16F8}
	EndGlobalSection
EndGlobal
