
Microsoft Visual Studio Solution File, Format Version 12.00
# Visual Studio 15
VisualStudioVersion = 15.0.28307.329
MinimumVisualStudioVersion = 10.0.40219.1
Project("{FAE04EC0-301F-11D3-BF4B-00C04F79EFBC}") = "Week2.Android", "Week2\Week2.Android\Week2.Android.csproj", "{C74A2953-10CC-4694-A91C-130A602E1388}"
EndProject
Project("{FAE04EC0-301F-11D3-BF4B-00C04F79EFBC}") = "Week2.iOS", "Week2\Week2.iOS\Week2.iOS.csproj", "{61E9D622-ADA9-439E-B1FD-1344A4A8C0E5}"
EndProject
Project("{FAE04EC0-301F-11D3-BF4B-00C04F79EFBC}") = "Week2", "Week2\Week2\Week2.csproj", "{B42FF2CC-4E58-4175-82BC-FA041A9D9377}"
EndProject
Global
	GlobalSection(SolutionConfigurationPlatforms) = preSolution
		Ad-Hoc|Any CPU = Ad-Hoc|Any CPU
		Ad-Hoc|iPhone = Ad-Hoc|iPhone
		Ad-Hoc|iPhoneSimulator = Ad-Hoc|iPhoneSimulator
		AppStore|Any CPU = AppStore|Any CPU
		AppStore|iPhone = AppStore|iPhone
		AppStore|iPhoneSimulator = AppStore|iPhoneSimulator
		Debug|Any CPU = Debug|Any CPU
		Debug|iPhone = Debug|iPhone
		Debug|iPhoneSimulator = Debug|iPhoneSimulator
		Release|Any CPU = Release|Any CPU
		Release|iPhone = Release|iPhone
		Release|iPhoneSimulator = Release|iPhoneSimulator
	EndGlobalSection
	GlobalSection(ProjectConfigurationPlatforms) = postSolution
		{C74A2953-10CC-4694-A91C-130A602E1388}.Ad-Hoc|Any CPU.ActiveCfg = Release|Any CPU
		{C74A2953-10CC-4694-A91C-130A602E1388}.Ad-Hoc|Any CPU.Build.0 = Release|Any CPU
		{C74A2953-10CC-4694-A91C-130A602E1388}.Ad-Hoc|Any CPU.Deploy.0 = Release|Any CPU
		{C74A2953-10CC-4694-A91C-130A602E1388}.Ad-Hoc|iPhone.ActiveCfg = Release|Any CPU
		{C74A2953-10CC-4694-A91C-130A602E1388}.Ad-Hoc|iPhone.Build.0 = Release|Any CPU
		{C74A2953-10CC-4694-A91C-130A602E1388}.Ad-Hoc|iPhone.Deploy.0 = Release|Any CPU
		{C74A2953-10CC-4694-A91C-130A602E1388}.Ad-Hoc|iPhoneSimulator.ActiveCfg = Release|Any CPU
		{C74A2953-10CC-4694-A91C-130A602E1388}.Ad-Hoc|iPhoneSimulator.Build.0 = Release|Any CPU
		{C74A2953-10CC-4694-A91C-130A602E1388}.Ad-Hoc|iPhoneSimulator.Deploy.0 = Release|Any CPU
		{C74A2953-10CC-4694-A91C-130A602E1388}.AppStore|Any CPU.ActiveCfg = Release|Any CPU
		{C74A2953-10CC-4694-A91C-130A602E1388}.AppStore|Any CPU.Build.0 = Release|Any CPU
		{C74A2953-10CC-4694-A91C-130A602E1388}.AppStore|Any CPU.Deploy.0 = Release|Any CPU
		{C74A2953-10CC-4694-A91C-130A602E1388}.AppStore|iPhone.ActiveCfg = Release|Any CPU
		{C74A2953-10CC-4694-A91C-130A602E1388}.AppStore|iPhone.Build.0 = Release|Any CPU
		{C74A2953-10CC-4694-A91C-130A602E1388}.AppStore|iPhone.Deploy.0 = Release|Any CPU
		{C74A2953-10CC-4694-A91C-130A602E1388}.AppStore|iPhoneSimulator.ActiveCfg = Release|Any CPU
		{C74A2953-10CC-4694-A91C-130A602E1388}.AppStore|iPhoneSimulator.Build.0 = Release|Any CPU
		{C74A2953-10CC-4694-A91C-130A602E1388}.AppStore|iPhoneSimulator.Deploy.0 = Release|Any CPU
		{C74A2953-10CC-4694-A91C-130A602E1388}.Debug|Any CPU.ActiveCfg = Debug|Any CPU
		{C74A2953-10CC-4694-A91C-130A602E1388}.Debug|Any CPU.Build.0 = Debug|Any CPU
		{C74A2953-10CC-4694-A91C-130A602E1388}.Debug|Any CPU.Deploy.0 = Debug|Any CPU
		{C74A2953-10CC-4694-A91C-130A602E1388}.Debug|iPhone.ActiveCfg = Debug|Any CPU
		{C74A2953-10CC-4694-A91C-130A602E1388}.Debug|iPhone.Build.0 = Debug|Any CPU
		{C74A2953-10CC-4694-A91C-130A602E1388}.Debug|iPhone.Deploy.0 = Debug|Any CPU
		{C74A2953-10CC-4694-A91C-130A602E1388}.Debug|iPhoneSimulator.ActiveCfg = Debug|Any CPU
		{C74A2953-10CC-4694-A91C-130A602E1388}.Debug|iPhoneSimulator.Build.0 = Debug|Any CPU
		{C74A2953-10CC-4694-A91C-130A602E1388}.Debug|iPhoneSimulator.Deploy.0 = Debug|Any CPU
		{C74A2953-10CC-4694-A91C-130A602E1388}.Release|Any CPU.ActiveCfg = Release|Any CPU
		{C74A2953-10CC-4694-A91C-130A602E1388}.Release|Any CPU.Build.0 = Release|Any CPU
		{C74A2953-10CC-4694-A91C-130A602E1388}.Release|Any CPU.Deploy.0 = Release|Any CPU
		{C74A2953-10CC-4694-A91C-130A602E1388}.Release|iPhone.ActiveCfg = Release|Any CPU
		{C74A2953-10CC-4694-A91C-130A602E1388}.Release|iPhone.Build.0 = Release|Any CPU
		{C74A2953-10CC-4694-A91C-130A602E1388}.Release|iPhone.Deploy.0 = Release|Any CPU
		{C74A2953-10CC-4694-A91C-130A602E1388}.Release|iPhoneSimulator.ActiveCfg = Release|Any CPU
		{C74A2953-10CC-4694-A91C-130A602E1388}.Release|iPhoneSimulator.Build.0 = Release|Any CPU
		{C74A2953-10CC-4694-A91C-130A602E1388}.Release|iPhoneSimulator.Deploy.0 = Release|Any CPU
		{61E9D622-ADA9-439E-B1FD-1344A4A8C0E5}.Ad-Hoc|Any CPU.ActiveCfg = Ad-Hoc|iPhone
		{61E9D622-ADA9-439E-B1FD-1344A4A8C0E5}.Ad-Hoc|Any CPU.Build.0 = Ad-Hoc|iPhone
		{61E9D622-ADA9-439E-B1FD-1344A4A8C0E5}.Ad-Hoc|Any CPU.Deploy.0 = Ad-Hoc|iPhone
		{61E9D622-ADA9-439E-B1FD-1344A4A8C0E5}.Ad-Hoc|iPhone.ActiveCfg = Ad-Hoc|iPhone
		{61E9D622-ADA9-439E-B1FD-1344A4A8C0E5}.Ad-Hoc|iPhone.Build.0 = Ad-Hoc|iPhone
		{61E9D622-ADA9-439E-B1FD-1344A4A8C0E5}.Ad-Hoc|iPhone.Deploy.0 = Ad-Hoc|iPhone
		{61E9D622-ADA9-439E-B1FD-1344A4A8C0E5}.Ad-Hoc|iPhoneSimulator.ActiveCfg = Ad-Hoc|iPhoneSimulator
		{61E9D622-ADA9-439E-B1FD-1344A4A8C0E5}.Ad-Hoc|iPhoneSimulator.Build.0 = Ad-Hoc|iPhoneSimulator
		{61E9D622-ADA9-439E-B1FD-1344A4A8C0E5}.Ad-Hoc|iPhoneSimulator.Deploy.0 = Ad-Hoc|iPhoneSimulator
		{61E9D622-ADA9-439E-B1FD-1344A4A8C0E5}.AppStore|Any CPU.ActiveCfg = AppStore|iPhone
		{61E9D622-ADA9-439E-B1FD-1344A4A8C0E5}.AppStore|Any CPU.Build.0 = AppStore|iPhone
		{61E9D622-ADA9-439E-B1FD-1344A4A8C0E5}.AppStore|Any CPU.Deploy.0 = AppStore|iPhone
		{61E9D622-ADA9-439E-B1FD-1344A4A8C0E5}.AppStore|iPhone.ActiveCfg = AppStore|iPhone
		{61E9D622-ADA9-439E-B1FD-1344A4A8C0E5}.AppStore|iPhone.Build.0 = AppStore|iPhone
		{61E9D622-ADA9-439E-B1FD-1344A4A8C0E5}.AppStore|iPhone.Deploy.0 = AppStore|iPhone
		{61E9D622-ADA9-439E-B1FD-1344A4A8C0E5}.AppStore|iPhoneSimulator.ActiveCfg = AppStore|iPhoneSimulator
		{61E9D622-ADA9-439E-B1FD-1344A4A8C0E5}.AppStore|iPhoneSimulator.Build.0 = AppStore|iPhoneSimulator
		{61E9D622-ADA9-439E-B1FD-1344A4A8C0E5}.AppStore|iPhoneSimulator.Deploy.0 = AppStore|iPhoneSimulator
		{61E9D622-ADA9-439E-B1FD-1344A4A8C0E5}.Debug|Any CPU.ActiveCfg = Debug|iPhoneSimulator
		{61E9D622-ADA9-439E-B1FD-1344A4A8C0E5}.Debug|Any CPU.Build.0 = Debug|iPhoneSimulator
		{61E9D622-ADA9-439E-B1FD-1344A4A8C0E5}.Debug|Any CPU.Deploy.0 = Debug|iPhoneSimulator
		{61E9D622-ADA9-439E-B1FD-1344A4A8C0E5}.Debug|iPhone.ActiveCfg = Debug|iPhone
		{61E9D622-ADA9-439E-B1FD-1344A4A8C0E5}.Debug|iPhone.Build.0 = Debug|iPhone
		{61E9D622-ADA9-439E-B1FD-1344A4A8C0E5}.Debug|iPhone.Deploy.0 = Debug|iPhone
		{61E9D622-ADA9-439E-B1FD-1344A4A8C0E5}.Debug|iPhoneSimulator.ActiveCfg = Debug|iPhoneSimulator
		{61E9D622-ADA9-439E-B1FD-1344A4A8C0E5}.Debug|iPhoneSimulator.Build.0 = Debug|iPhoneSimulator
		{61E9D622-ADA9-439E-B1FD-1344A4A8C0E5}.Debug|iPhoneSimulator.Deploy.0 = Debug|iPhoneSimulator
		{61E9D622-ADA9-439E-B1FD-1344A4A8C0E5}.Release|Any CPU.ActiveCfg = Release|iPhone
		{61E9D622-ADA9-439E-B1FD-1344A4A8C0E5}.Release|Any CPU.Build.0 = Release|iPhone
		{61E9D622-ADA9-439E-B1FD-1344A4A8C0E5}.Release|Any CPU.Deploy.0 = Release|iPhone
		{61E9D622-ADA9-439E-B1FD-1344A4A8C0E5}.Release|iPhone.ActiveCfg = Release|iPhone
		{61E9D622-ADA9-439E-B1FD-1344A4A8C0E5}.Release|iPhone.Build.0 = Release|iPhone
		{61E9D622-ADA9-439E-B1FD-1344A4A8C0E5}.Release|iPhone.Deploy.0 = Release|iPhone
		{61E9D622-ADA9-439E-B1FD-1344A4A8C0E5}.Release|iPhoneSimulator.ActiveCfg = Release|iPhoneSimulator
		{61E9D622-ADA9-439E-B1FD-1344A4A8C0E5}.Release|iPhoneSimulator.Build.0 = Release|iPhoneSimulator
		{61E9D622-ADA9-439E-B1FD-1344A4A8C0E5}.Release|iPhoneSimulator.Deploy.0 = Release|iPhoneSimulator
		{B42FF2CC-4E58-4175-82BC-FA041A9D9377}.Ad-Hoc|Any CPU.ActiveCfg = Debug|Any CPU
		{B42FF2CC-4E58-4175-82BC-FA041A9D9377}.Ad-Hoc|Any CPU.Build.0 = Debug|Any CPU
		{B42FF2CC-4E58-4175-82BC-FA041A9D9377}.Ad-Hoc|Any CPU.Deploy.0 = Debug|Any CPU
		{B42FF2CC-4E58-4175-82BC-FA041A9D9377}.Ad-Hoc|iPhone.ActiveCfg = Debug|Any CPU
		{B42FF2CC-4E58-4175-82BC-FA041A9D9377}.Ad-Hoc|iPhone.Build.0 = Debug|Any CPU
		{B42FF2CC-4E58-4175-82BC-FA041A9D9377}.Ad-Hoc|iPhone.Deploy.0 = Debug|Any CPU
		{B42FF2CC-4E58-4175-82BC-FA041A9D9377}.Ad-Hoc|iPhoneSimulator.ActiveCfg = Debug|Any CPU
		{B42FF2CC-4E58-4175-82BC-FA041A9D9377}.Ad-Hoc|iPhoneSimulator.Build.0 = Debug|Any CPU
		{B42FF2CC-4E58-4175-82BC-FA041A9D9377}.Ad-Hoc|iPhoneSimulator.Deploy.0 = Debug|Any CPU
		{B42FF2CC-4E58-4175-82BC-FA041A9D9377}.AppStore|Any CPU.ActiveCfg = Debug|Any CPU
		{B42FF2CC-4E58-4175-82BC-FA041A9D9377}.AppStore|Any CPU.Build.0 = Debug|Any CPU
		{B42FF2CC-4E58-4175-82BC-FA041A9D9377}.AppStore|Any CPU.Deploy.0 = Debug|Any CPU
		{B42FF2CC-4E58-4175-82BC-FA041A9D9377}.AppStore|iPhone.ActiveCfg = Debug|Any CPU
		{B42FF2CC-4E58-4175-82BC-FA041A9D9377}.AppStore|iPhone.Build.0 = Debug|Any CPU
		{B42FF2CC-4E58-4175-82BC-FA041A9D9377}.AppStore|iPhone.Deploy.0 = Debug|Any CPU
		{B42FF2CC-4E58-4175-82BC-FA041A9D9377}.AppStore|iPhoneSimulator.ActiveCfg = Debug|Any CPU
		{B42FF2CC-4E58-4175-82BC-FA041A9D9377}.AppStore|iPhoneSimulator.Build.0 = Debug|Any CPU
		{B42FF2CC-4E58-4175-82BC-FA041A9D9377}.AppStore|iPhoneSimulator.Deploy.0 = Debug|Any CPU
		{B42FF2CC-4E58-4175-82BC-FA041A9D9377}.Debug|Any CPU.ActiveCfg = Debug|Any CPU
		{B42FF2CC-4E58-4175-82BC-FA041A9D9377}.Debug|Any CPU.Build.0 = Debug|Any CPU
		{B42FF2CC-4E58-4175-82BC-FA041A9D9377}.Debug|Any CPU.Deploy.0 = Debug|Any CPU
		{B42FF2CC-4E58-4175-82BC-FA041A9D9377}.Debug|iPhone.ActiveCfg = Debug|Any CPU
		{B42FF2CC-4E58-4175-82BC-FA041A9D9377}.Debug|iPhone.Build.0 = Debug|Any CPU
		{B42FF2CC-4E58-4175-82BC-FA041A9D9377}.Debug|iPhone.Deploy.0 = Debug|Any CPU
		{B42FF2CC-4E58-4175-82BC-FA041A9D9377}.Debug|iPhoneSimulator.ActiveCfg = Debug|Any CPU
		{B42FF2CC-4E58-4175-82BC-FA041A9D9377}.Debug|iPhoneSimulator.Build.0 = Debug|Any CPU
		{B42FF2CC-4E58-4175-82BC-FA041A9D9377}.Debug|iPhoneSimulator.Deploy.0 = Debug|Any CPU
		{B42FF2CC-4E58-4175-82BC-FA041A9D9377}.Release|Any CPU.ActiveCfg = Release|Any CPU
		{B42FF2CC-4E58-4175-82BC-FA041A9D9377}.Release|Any CPU.Build.0 = Release|Any CPU
		{B42FF2CC-4E58-4175-82BC-FA041A9D9377}.Release|Any CPU.Deploy.0 = Release|Any CPU
		{B42FF2CC-4E58-4175-82BC-FA041A9D9377}.Release|iPhone.ActiveCfg = Release|Any CPU
		{B42FF2CC-4E58-4175-82BC-FA041A9D9377}.Release|iPhone.Build.0 = Release|Any CPU
		{B42FF2CC-4E58-4175-82BC-FA041A9D9377}.Release|iPhone.Deploy.0 = Release|Any CPU
		{B42FF2CC-4E58-4175-82BC-FA041A9D9377}.Release|iPhoneSimulator.ActiveCfg = Release|Any CPU
		{B42FF2CC-4E58-4175-82BC-FA041A9D9377}.Release|iPhoneSimulator.Build.0 = Release|Any CPU
		{B42FF2CC-4E58-4175-82BC-FA041A9D9377}.Release|iPhoneSimulator.Deploy.0 = Release|Any CPU
	EndGlobalSection
	GlobalSection(SolutionProperties) = preSolution
		HideSolutionNode = FALSE
	EndGlobalSection
	GlobalSection(ExtensibilityGlobals) = postSolution
		SolutionGuid = {E6F61A61-2286-4A25-8F48-CC071DF22B89}
	EndGlobalSection
EndGlobal
